
Microsoft Visual Studio Solution File, Format Version 12.00
# Visual Studio Version 17
VisualStudioVersion = 17.3.32825.248
MinimumVisualStudioVersion = 10.0.40219.1
Project("{FAE04EC0-301F-11D3-BF4B-00C04F79EFBC}") = "Labb3 Database", "Labb3 Database\Labb3 Database.csproj", "{1BC777C8-E4AF-4234-935C-9E7EA1679940}"
EndProject
Global
	GlobalSection(SolutionConfigurationPlatforms) = preSolution
		Debug|Any CPU = Debug|Any CPU
		Release|Any CPU = Release|Any CPU
	EndGlobalSection
	GlobalSection(ProjectConfigurationPlatforms) = postSolution
		{1BC777C8-E4AF-4234-935C-9E7EA1679940}.Debug|Any CPU.ActiveCfg = Debug|Any CPU
		{1BC777C8-E4AF-4234-935C-9E7EA1679940}.Debug|Any CPU.Build.0 = Debug|Any CPU
		{1BC777C8-E4AF-4234-935C-9E7EA1679940}.Release|Any CPU.ActiveCfg = Release|Any CPU
		{1BC777C8-E4AF-4234-935C-9E7EA1679940}.Release|Any CPU.Build.0 = Release|Any CPU
	EndGlobalSection
	GlobalSection(SolutionProperties) = preSolution
		HideSolutionNode = FALSE
	EndGlobalSection
	GlobalSection(ExtensibilityGlobals) = postSolution
		SolutionGuid = {EBFBD0A2-070F-43B6-8486-2C4DA577FB1F}
	EndGlobalSection
EndGlobal
